# THIS IS AN AUTOGENERATED FILE. DO NOT EDIT THIS FILE DIRECTLY.
# yarn lockfile v1


"@ant-design/colors@^3.1.0":
  version "3.2.2"
  resolved "https://registry.yarnpkg.com/@ant-design/colors/-/colors-3.2.2.tgz#5ad43d619e911f3488ebac303d606e66a8423903"
  integrity sha512-YKgNbG2dlzqMhA9NtI3/pbY16m3Yl/EeWBRa+lB1X1YaYxHrxNexiQYCLTWO/uDvAjLFMEDU+zR901waBtMtjQ==
  dependencies:
    tinycolor2 "^1.4.1"

"@ant-design/css-animation@^1.7.2":
  version "1.7.3"
  resolved "https://registry.yarnpkg.com/@ant-design/css-animation/-/css-animation-1.7.3.tgz#60a1c970014e86b28f940510d69e503e428f1136"
  integrity sha512-LrX0OGZtW+W6iLnTAqnTaoIsRelYeuLZWsrmBJFUXDALQphPsN8cE5DCsmoSlL0QYb94BQxINiuS70Ar/8BNgA==

"@ant-design/icons-svg@^4.0.0":
  version "4.1.0"
  resolved "https://registry.yarnpkg.com/@ant-design/icons-svg/-/icons-svg-4.1.0.tgz#480b025f4b20ef7fe8f47d4a4846e4fee84ea06c"
  integrity sha512-Fi03PfuUqRs76aI3UWYpP864lkrfPo0hluwGqh7NJdLhvH4iRDc3jbJqZIvRDLHKbXrvAfPPV3+zjUccfFvWOQ==

"@ant-design/icons@^4.2.1":
  version "4.2.1"
  resolved "https://registry.yarnpkg.com/@ant-design/icons/-/icons-4.2.1.tgz#6f3ea5d98ab782072e4e9cbb70f25e4403ae1a6b"
  integrity sha512-245ZI40MOr5GGws+sNSiJIRRoEf/J2xvPSMgwRYf3bv8mVGQZ6XTQI/OMeV16KtiSZ3D+mBKXVYSBz2fhigOXQ==
  dependencies:
    "@ant-design/colors" "^3.1.0"
    "@ant-design/icons-svg" "^4.0.0"
    "@babel/runtime" "^7.10.1"
    classnames "^2.2.6"
    insert-css "^2.0.0"
    rc-util "^5.0.1"

"@ant-design/react-slick@~0.27.0":
  version "0.27.0"
  resolved "https://registry.yarnpkg.com/@ant-design/react-slick/-/react-slick-0.27.0.tgz#c5d4bfd879885b74024ffbce42cccb5f7bff41e9"
  integrity sha512-dq/p/1oKgew99cNrhT6/BA4v7c7nAhPlS6IcVGVTMsp175bYxbHBT1GfY5vxZyz97YaTnzJ8s2Wql4AOnFQ+9g==
  dependencies:
    "@babel/runtime" "^7.10.4"
    classnames "^2.2.5"
    json2mq "^0.2.0"
    lodash "^4.17.15"
    resize-observer-polyfill "^1.5.0"

"@babel/runtime@^7.10.1", "@babel/runtime@^7.10.2", "@babel/runtime@^7.10.4", "@babel/runtime@^7.8.4":
  version "7.11.0"
  resolved "https://registry.yarnpkg.com/@babel/runtime/-/runtime-7.11.0.tgz#f10245877042a815e07f7e693faff0ae9d3a2aac"
  integrity sha512-qArkXsjJq7H+T86WrIFV0Fnu/tNOkZ4cgXmjkzAu3b/58D5mFIO8JH/y77t7C9q0OdDRdh9s7Ue5GasYssxtXw==
  dependencies:
    regenerator-runtime "^0.13.4"

"@next/env@13.0.2":
  version "13.0.2"
  resolved "https://registry.yarnpkg.com/@next/env/-/env-13.0.2.tgz#5fbd7b4146175ae406edfb4a38b62de8c880c09d"
  integrity sha512-Qb6WPuRriGIQ19qd6NBxpcrFOfj8ziN7l9eZUfwff5gl4zLXluqtuZPddYZM/oWjN53ZYcuRXzL+oowKyJeYtA==

"@next/swc-android-arm-eabi@13.0.2":
  version "13.0.2"
  resolved "https://registry.yarnpkg.com/@next/swc-android-arm-eabi/-/swc-android-arm-eabi-13.0.2.tgz#66669b8aab5062f554b8e9905d855679aabf0342"
  integrity sha512-X54UQCTFyOGnJP//Z71dPPlp4BCYcQL2ncikKXQcPzVpqPs4C3m+tKC8ivBNH6edAXkppwsLRz1/yQwgSZ9Swg==

"@next/swc-android-arm64@13.0.2":
  version "13.0.2"
  resolved "https://registry.yarnpkg.com/@next/swc-android-arm64/-/swc-android-arm64-13.0.2.tgz#c0641d30525e0fb22bf1e2baf6c461d2d9e52f1a"
  integrity sha512-1P00Kv8uKaLubqo7JzPrTqgFAzSOmfb8iwqJrOb9in5IvTRtNGlkR4hU0sXzqbQNM/+SaYxze6Z5ry1IDyb/cQ==

"@next/swc-darwin-arm64@13.0.2":
  version "13.0.2"
  resolved "https://registry.yarnpkg.com/@next/swc-darwin-arm64/-/swc-darwin-arm64-13.0.2.tgz#d7e01a33393e83456dbfdc41446bb8a923968ff7"
  integrity sha512-1zGIOkInkOLRv0QQGZ+3wffYsyKI4vIy62LYTvDWUn7TAYqnmXwougp9NSLqDeagLwgsv2URrykyAFixA/YqxA==

"@next/swc-darwin-x64@13.0.2":
  version "13.0.2"
  resolved "https://registry.yarnpkg.com/@next/swc-darwin-x64/-/swc-darwin-x64-13.0.2.tgz#d4a3fbe51edf871a675d89a7afdc78174d1e5841"
  integrity sha512-ECDAjoMP1Y90cARaelS6X+k6BQx+MikAYJ8f/eaJrLur44NIOYc9HA/dgcTp5jenguY4yT8V+HCquLjAVle6fA==

"@next/swc-freebsd-x64@13.0.2":
  version "13.0.2"
  resolved "https://registry.yarnpkg.com/@next/swc-freebsd-x64/-/swc-freebsd-x64-13.0.2.tgz#1b54c3f38d3b36f86663a8dfcc81ea05e01f5172"
  integrity sha512-2DcL/ofQdBnQX3IoI9sjlIAyLCD1oZoUBuhrhWbejvBQjutWrI0JTEv9uG69WcxWhVMm3BCsjv8GK2/68OKp7A==

"@next/swc-linux-arm-gnueabihf@13.0.2":
  version "13.0.2"
  resolved "https://registry.yarnpkg.com/@next/swc-linux-arm-gnueabihf/-/swc-linux-arm-gnueabihf-13.0.2.tgz#18495cff32c0b2182cfbf677614219d7072214da"
  integrity sha512-Y3OQF1CSBSWW2vGkmvOIuOUNqOq8qX7f1ZpcKUVWP3/Uq++DZmVi9d18lgnSe1I3QFqc+nXWyun9ljsN83j0sw==

"@next/swc-linux-arm64-gnu@13.0.2":
  version "13.0.2"
  resolved "https://registry.yarnpkg.com/@next/swc-linux-arm64-gnu/-/swc-linux-arm64-gnu-13.0.2.tgz#5fb2563651166c3c6f32bf9e2f9cc6a16a9ef783"
  integrity sha512-mNyzwsFF6kwZYEjnGicx9ksDZYEZvyzEc1BtCu8vdZi/v8UeixQwCiAT6FyYX9uxMPEkzk8qiU0t0u9gvltsKw==

"@next/swc-linux-arm64-musl@13.0.2":
  version "13.0.2"
  resolved "https://registry.yarnpkg.com/@next/swc-linux-arm64-musl/-/swc-linux-arm64-musl-13.0.2.tgz#b9f33c5e17cfe04aa5769b717284cf80865761e6"
  integrity sha512-M6SdYjWgRrY3tJBxz0663zCRPTu5BRONmxlftKWWHv9LjAJ59neTLaGj4rp0A08DkJglZIoCkLOzLrzST6TGag==

"@next/swc-linux-x64-gnu@13.0.2":
  version "13.0.2"
  resolved "https://registry.yarnpkg.com/@next/swc-linux-x64-gnu/-/swc-linux-x64-gnu-13.0.2.tgz#29efcc2fd0122689d7e06c5b6b0883fe495db2bf"
  integrity sha512-pi63RoxvG4ES1KS06Zpm0MATVIXTs/TIbLbdckeLoM40u1d3mQl/+hSSrLRSxzc2OtyL8fh92sM4gkJrQXAMAw==

"@next/swc-linux-x64-musl@13.0.2":
  version "13.0.2"
  resolved "https://registry.yarnpkg.com/@next/swc-linux-x64-musl/-/swc-linux-x64-musl-13.0.2.tgz#d68fdf6eefc57813fa91559c7089b49d6131ecab"
  integrity sha512-9Pv91gfYnDONgjtRm78n64b/c54+azeHtlnqBLTnIFWSMBDRl1/WDkhKWIj3fBGPLimtK7Tko3ULR3og9RRUPw==

"@next/swc-win32-arm64-msvc@13.0.2":
  version "13.0.2"
  resolved "https://registry.yarnpkg.com/@next/swc-win32-arm64-msvc/-/swc-win32-arm64-msvc-13.0.2.tgz#acdcb3023045f60cca510f659a2349895e6405bd"
  integrity sha512-Nvewe6YZaizAkGHHprbMkYqQulBjZCHKBGKeFPwoPtOA+a2Qi4pZzc/qXFyC5/2A6Z0mr2U1zg9rd04WBYMwBw==

"@next/swc-win32-ia32-msvc@13.0.2":
  version "13.0.2"
  resolved "https://registry.yarnpkg.com/@next/swc-win32-ia32-msvc/-/swc-win32-ia32-msvc-13.0.2.tgz#a78ee9211471768febac9df915c2a8dbbcd05e41"
  integrity sha512-ZUBYGZw5G3QrqDpRq1EWi3aHmvPZM8ijK5TFL6UbH16cYQ0JpANmuG2P66KB93Qe/lWWzbeAZk/tj1XqwoCuPA==

"@next/swc-win32-x64-msvc@13.0.2":
  version "13.0.2"
  resolved "https://registry.yarnpkg.com/@next/swc-win32-x64-msvc/-/swc-win32-x64-msvc-13.0.2.tgz#e86c2de910cd68a17974db5556d4588737412c68"
  integrity sha512-fA9uW1dm7C0mEYGcKlbmLcVm2sKcye+1kPxh2cM4jVR+kQQMtHWsjIzeSpe2grQLSDan06z4n6hbr8b1c3hA8w==

"@swc/helpers@0.4.11":
  version "0.4.11"
  resolved "https://registry.yarnpkg.com/@swc/helpers/-/helpers-0.4.11.tgz#db23a376761b3d31c26502122f349a21b592c8de"
  integrity sha512-rEUrBSGIoSFuYxwBYtlUFMlE2CwGhmW+w9355/5oduSw8e5h2+Tj4UrAGNNgP9915++wj5vkQo0UuOBqOAq4nw==
  dependencies:
    tslib "^2.4.0"

antd@^4.5.2:
  version "4.5.2"
  resolved "https://registry.yarnpkg.com/antd/-/antd-4.5.2.tgz#0551b2999d5c9827d996b860e827974d50d87ed9"
  integrity sha512-XDI4ywKpj2LfvvQjHxkdItzLH0zlVvm3wKHyko03BoSzYVinZ9MWap3PXraclb8xBKH8d/14BRJSGmIsvxzkfg==
  dependencies:
    "@ant-design/css-animation" "^1.7.2"
    "@ant-design/icons" "^4.2.1"
    "@ant-design/react-slick" "~0.27.0"
    "@babel/runtime" "^7.10.4"
    array-tree-filter "^2.1.0"
    classnames "^2.2.6"
    copy-to-clipboard "^3.2.0"
    lodash "^4.17.13"
    moment "^2.25.3"
    omit.js "^2.0.2"
    raf "^3.4.1"
    rc-animate "~3.1.0"
    rc-cascader "~1.3.0"
    rc-checkbox "~2.3.0"
    rc-collapse "~2.0.0"
    rc-dialog "~8.1.0"
    rc-drawer "~4.1.0"
    rc-dropdown "~3.1.2"
    rc-field-form "~1.8.0"
    rc-input-number "~6.0.0"
    rc-mentions "~1.4.0"
    rc-menu "~8.5.0"
    rc-notification "~4.4.0"
    rc-pagination "~2.4.1"
    rc-picker "~1.15.1"
    rc-progress "~3.0.0"
    rc-rate "~2.8.2"
    rc-resize-observer "^0.2.3"
    rc-select "~11.0.10"
    rc-slider "~9.3.0"
    rc-steps "~4.1.0"
    rc-switch "~3.2.0"
    rc-table "~7.8.0"
    rc-tabs "~11.5.0"
    rc-textarea "~0.3.0"
    rc-tooltip "~4.2.0"
    rc-tree "~3.8.0"
    rc-tree-select "~4.1.0"
    rc-trigger "~4.3.0"
    rc-upload "~3.2.0"
    rc-util "^5.0.1"
    scroll-into-view-if-needed "^2.2.25"
    warning "^4.0.3"

anymatch@~3.1.1:
  version "3.1.1"
  resolved "https://registry.yarnpkg.com/anymatch/-/anymatch-3.1.1.tgz#c55ecf02185e2469259399310c173ce31233b142"
  integrity sha512-mM8522psRCqzV+6LhomX5wgp25YVibjh8Wj23I5RPkPppSVSjyKD2A2mBJmWGa+KN7f2D6LNh9jkBCeyLktzjg==
  dependencies:
    normalize-path "^3.0.0"
    picomatch "^2.0.4"

array-tree-filter@^2.1.0:
  version "2.1.0"
  resolved "https://registry.yarnpkg.com/array-tree-filter/-/array-tree-filter-2.1.0.tgz#873ac00fec83749f255ac8dd083814b4f6329190"
  integrity sha512-4ROwICNlNw/Hqa9v+rk5h22KjmzB1JGTMVKP2AKJBOCgb0yL0ASf0+YvCcLNNwquOHNX48jkeZIJ3a+oOQqKcw==

async-validator@^3.0.3:
  version "3.3.0"
  resolved "https://registry.yarnpkg.com/async-validator/-/async-validator-3.3.0.tgz#1d92193bbe60d6d6c8b246692c7005e9ed14a8ee"
  integrity sha512-cAHGD9EL8aCqWXjnb44q94MWiDFzUo1tMhvLb2WzcpWqGiKugsjWG9cvl+jPgkPca7asNbsBU3fa0cwkI/P+Xg==

binary-extensions@^2.0.0:
  version "2.1.0"
  resolved "https://registry.yarnpkg.com/binary-extensions/-/binary-extensions-2.1.0.tgz#30fa40c9e7fe07dbc895678cd287024dea241dd9"
  integrity sha512-1Yj8h9Q+QDF5FzhMs/c9+6UntbD5MkRfRwac8DoEm9ZfUBZ7tZ55YcGVAzEe4bXsdQHEk+s9S5wsOKVdZrw0tQ==

braces@~3.0.2:
  version "3.0.2"
  resolved "https://registry.yarnpkg.com/braces/-/braces-3.0.2.tgz#3454e1a462ee8d599e236df336cd9ea4f8afe107"
  integrity sha512-b8um+L1RzM3WDSzvhm6gIz1yfTbBt6YTlcEKAvsmqCZZFw46z626lVj9j1yEPW33H5H+lBQpZMP1k8l+78Ha0A==
  dependencies:
    fill-range "^7.0.1"

caniuse-lite@^1.0.30001406:
  version "1.0.30001431"
  resolved "https://registry.yarnpkg.com/caniuse-lite/-/caniuse-lite-1.0.30001431.tgz#e7c59bd1bc518fae03a4656be442ce6c4887a795"
  integrity sha512-zBUoFU0ZcxpvSt9IU66dXVT/3ctO1cy4y9cscs1szkPlcWb6pasYM144GqrUygUbT+k7cmUCW61cvskjcv0enQ==

"chokidar@>=2.0.0 <4.0.0":
  version "3.4.1"
  resolved "https://registry.yarnpkg.com/chokidar/-/chokidar-3.4.1.tgz#e905bdecf10eaa0a0b1db0c664481cc4cbc22ba1"
  integrity sha512-TQTJyr2stihpC4Sya9hs2Xh+O2wf+igjL36Y75xx2WdHuiICcn/XJza46Jwt0eT5hVpQOzo3FpY3cj3RVYLX0g==
  dependencies:
    anymatch "~3.1.1"
    braces "~3.0.2"
    glob-parent "~5.1.0"
    is-binary-path "~2.1.0"
    is-glob "~4.0.1"
    normalize-path "~3.0.0"
    readdirp "~3.4.0"
  optionalDependencies:
    fsevents "~2.1.2"

classnames@2.x, classnames@^2.2.1, classnames@^2.2.3, classnames@^2.2.5, classnames@^2.2.6:
  version "2.2.6"
  resolved "https://registry.yarnpkg.com/classnames/-/classnames-2.2.6.tgz#43935bffdd291f326dad0a205309b38d00f650ce"
  integrity sha512-JR/iSQOSt+LQIWwrwEzJ9uk0xfN3mTVYMwt1Ir5mUcSN6pU+V4zQFFaJsclJbPuAUQH+yfWef6tm7l1quW3C8Q==

client-only@0.0.1:
  version "0.0.1"
  resolved "https://registry.yarnpkg.com/client-only/-/client-only-0.0.1.tgz#38bba5d403c41ab150bff64a95c85013cf73bca1"
  integrity sha512-IV3Ou0jSMzZrd3pZ48nLkT9DA7Ag1pnPzaiQhpW7c3RbcqqzvzzVu+L8gfqMp/8IM2MQtSiqaCxrrcfu8I8rMA==

compute-scroll-into-view@^1.0.14:
  version "1.0.14"
  resolved "https://registry.yarnpkg.com/compute-scroll-into-view/-/compute-scroll-into-view-1.0.14.tgz#80e3ebb25d6aa89f42e533956cb4b16a04cfe759"
  integrity sha512-mKDjINe3tc6hGelUMNDzuhorIUZ7kS7BwyY0r2wQd2HOH2tRuJykiC06iSEX8y1TuhNzvz4GcJnK16mM2J1NMQ==

copy-to-clipboard@^3.2.0:
  version "3.3.1"
  resolved "https://registry.yarnpkg.com/copy-to-clipboard/-/copy-to-clipboard-3.3.1.tgz#115aa1a9998ffab6196f93076ad6da3b913662ae"
  integrity sha512-i13qo6kIHTTpCm8/Wup+0b1mVWETvu2kIMzKoK8FpkLkFxlt0znUAHcMzox+T8sPlqtZXq3CulEjQHsYiGFJUw==
  dependencies:
    toggle-selection "^1.0.6"

date-fns@^2.15.0:
  version "2.15.0"
  resolved "https://registry.yarnpkg.com/date-fns/-/date-fns-2.15.0.tgz#424de6b3778e4e69d3ff27046ec136af58ae5d5f"
  integrity sha512-ZCPzAMJZn3rNUvvQIMlXhDr4A+Ar07eLeGsGREoWU19a3Pqf5oYa+ccd+B3F6XVtQY6HANMFdOQ8A+ipFnvJdQ==

dayjs@^1.8.30:
  version "1.8.31"
  resolved "https://registry.yarnpkg.com/dayjs/-/dayjs-1.8.31.tgz#0cd1114c2539dd5ad9428be0c38df6d4bb40b9d3"
  integrity sha512-mPh1mslned+5PuIuiUfbw4CikHk6AEAf2Baxih+wP5fssv+wmlVhvgZ7mq+BhLt7Sr/Hc8leWDiwe6YnrpNt3g==

dom-align@^1.7.0:
  version "1.12.0"
  resolved "https://registry.yarnpkg.com/dom-align/-/dom-align-1.12.0.tgz#56fb7156df0b91099830364d2d48f88963f5a29c"
  integrity sha512-YkoezQuhp3SLFGdOlr5xkqZ640iXrnHAwVYcDg8ZKRUtO7mSzSC2BA5V0VuyAwPSJA4CLIc6EDDJh4bEsD2+zA==

fill-range@^7.0.1:
  version "7.0.1"
  resolved "https://registry.yarnpkg.com/fill-range/-/fill-range-7.0.1.tgz#1919a6a7c75fe38b2c7c77e5198535da9acdda40"
  integrity sha512-qOo9F+dMUmC2Lcb4BbVvnKJxTPjCm+RRpe4gDuGrzkL7mEVl/djYSu2OdQ2Pa302N4oqkSg9ir6jaLWJ2USVpQ==
  dependencies:
    to-regex-range "^5.0.1"

fsevents@~2.1.2:
  version "2.1.3"
  resolved "https://registry.yarnpkg.com/fsevents/-/fsevents-2.1.3.tgz#fb738703ae8d2f9fe900c33836ddebee8b97f23e"
  integrity sha512-Auw9a4AxqWpa9GUfj370BMPzzyncfBABW8Mab7BGWBYDj4Isgq+cDKtx0i6u9jcX9pQDnswsaaOTgTmA5pEjuQ==

glob-parent@~5.1.0:
  version "5.1.1"
  resolved "https://registry.yarnpkg.com/glob-parent/-/glob-parent-5.1.1.tgz#b6c1ef417c4e5663ea498f1c45afac6916bbc229"
  integrity sha512-FnI+VGOpnlGHWZxthPGR+QhR78fuiK0sNLkHQv+bL9fQi57lNNdquIbna/WrfROrolq8GK5Ek6BiMwqL/voRYQ==
  dependencies:
    is-glob "^4.0.1"

hoist-non-react-statics@^3.3.2:
  version "3.3.2"
  resolved "https://registry.yarnpkg.com/hoist-non-react-statics/-/hoist-non-react-statics-3.3.2.tgz#ece0acaf71d62c2969c2ec59feff42a4b1a85b45"
  integrity sha512-/gGivxi8JPKWNm/W0jSmzcMPpfpPLc3dY/6GxhX2hQ9iGj3aDfklV4ET7NjKpSinLpJ5vafa9iiGIEZg10SfBw==
  dependencies:
    react-is "^16.7.0"

insert-css@^2.0.0:
  version "2.0.0"
  resolved "https://registry.yarnpkg.com/insert-css/-/insert-css-2.0.0.tgz#eb5d1097b7542f4c79ea3060d3aee07d053880f4"
  integrity sha1-610Ql7dUL0x56jBg067gfQU4gPQ=

is-binary-path@~2.1.0:
  version "2.1.0"
  resolved "https://registry.yarnpkg.com/is-binary-path/-/is-binary-path-2.1.0.tgz#ea1f7f3b80f064236e83470f86c09c254fb45b09"
  integrity sha512-ZMERYes6pDydyuGidse7OsHxtbI7WVeUEozgR/g7rd0xUimYNlvZRE/K2MgZTjWy725IfelLeVcEM97mmtRGXw==
  dependencies:
    binary-extensions "^2.0.0"

is-extglob@^2.1.1:
  version "2.1.1"
  resolved "https://registry.yarnpkg.com/is-extglob/-/is-extglob-2.1.1.tgz#a88c02535791f02ed37c76a1b9ea9773c833f8c2"
  integrity sha1-qIwCU1eR8C7TfHahueqXc8gz+MI=

is-glob@^4.0.1, is-glob@~4.0.1:
  version "4.0.1"
  resolved "https://registry.yarnpkg.com/is-glob/-/is-glob-4.0.1.tgz#7567dbe9f2f5e2467bc77ab83c4a29482407a5dc"
  integrity sha512-5G0tKtBTFImOqDnLB2hG6Bp2qcKEFduo4tZu9MT/H6NQv/ghhy30o55ufafxJ/LdH79LLs2Kfrn85TLKyA7BUg==
  dependencies:
    is-extglob "^2.1.1"

is-number@^7.0.0:
  version "7.0.0"
  resolved "https://registry.yarnpkg.com/is-number/-/is-number-7.0.0.tgz#7535345b896734d5f80c4d06c50955527a14f12b"
  integrity sha512-41Cifkg6e8TylSpdtTpeLVMqvSBEVzTttHvERD741+pnZ8ANv0004MRL43QKPDlK9cGvNp6NZWZUBlbGXYxxng==

"js-tokens@^3.0.0 || ^4.0.0":
  version "4.0.0"
  resolved "https://registry.yarnpkg.com/js-tokens/-/js-tokens-4.0.0.tgz#19203fb59991df98e3a287050d4647cdeaf32499"
  integrity sha512-RdJUflcE3cUzKiMqQgsCu06FPu9UdIJO0beYbPhHN4k6apgJtifcoCtT9bcxOpYBtpD2kCM6Sbzg4CausW/PKQ==

json2mq@^0.2.0:
  version "0.2.0"
  resolved "https://registry.yarnpkg.com/json2mq/-/json2mq-0.2.0.tgz#b637bd3ba9eabe122c83e9720483aeb10d2c904a"
  integrity sha1-tje9O6nqvhIsg+lyBIOusQ0skEo=
  dependencies:
    string-convert "^0.2.0"

lodash@^4.17.13, lodash@^4.17.15:
  version "4.17.19"
  resolved "https://registry.yarnpkg.com/lodash/-/lodash-4.17.19.tgz#e48ddedbe30b3321783c5b4301fbd353bc1e4a4b"
  integrity sha512-JNvd8XER9GQX0v2qJgsaN/mzFCNA5BRe/j8JN9d+tWyGLSodKQHKFicdwNYzWwI3wjRnaKPsGj1XkBjx/F96DQ==

loose-envify@^1.0.0, loose-envify@^1.1.0, loose-envify@^1.4.0:
  version "1.4.0"
  resolved "https://registry.yarnpkg.com/loose-envify/-/loose-envify-1.4.0.tgz#71ee51fa7be4caec1a63839f7e682d8132d30caf"
  integrity sha512-lyuxPGr/Wfhrlem2CL/UcnUc1zcqKAImBDzukY7Y5F/yQiNdko6+fRLevlw1HgMySw7f611UIY408EtxRSoK3Q==
  dependencies:
    js-tokens "^3.0.0 || ^4.0.0"

mini-store@^3.0.1:
  version "3.0.6"
  resolved "https://registry.yarnpkg.com/mini-store/-/mini-store-3.0.6.tgz#44b86be5b2877271224ce0689b3a35a2dffb1ca9"
  integrity sha512-YzffKHbYsMQGUWQRKdsearR79QsMzzJcDDmZKlJBqt5JNkqpyJHYlK6gP61O36X+sLf76sO9G6mhKBe83gIZIQ==
  dependencies:
    hoist-non-react-statics "^3.3.2"
    shallowequal "^1.0.2"

moment@^2.24.0, moment@^2.25.3:
  version "2.27.0"
  resolved "https://registry.yarnpkg.com/moment/-/moment-2.27.0.tgz#8bff4e3e26a236220dfe3e36de756b6ebaa0105d"
  integrity sha512-al0MUK7cpIcglMv3YF13qSgdAIqxHTO7brRtaz3DlSULbqfazqkc5kEjNrLDOM7fsjshoFIihnU8snrP7zUvhQ==

nanoid@^3.3.4:
  version "3.3.4"
  resolved "https://registry.yarnpkg.com/nanoid/-/nanoid-3.3.4.tgz#730b67e3cd09e2deacf03c027c81c9d9dbc5e8ab"
  integrity sha512-MqBkQh/OHTS2egovRtLk45wEyNXwF+cokD+1YPf9u5VfJiRdAiRwB2froX5Co9Rh20xs4siNPm8naNotSD6RBw==

next@13.0.2:
  version "13.0.2"
  resolved "https://registry.yarnpkg.com/next/-/next-13.0.2.tgz#b8c8642c70f736ed91105645391d335fc51c8f62"
  integrity sha512-uQ5z5e4D9mOe8+upy6bQdYYjo/kk1v3jMW87kTy2TgAyAsEO+CkwRnMgyZ4JoHEnhPZLHwh7dk0XymRNLe1gFw==
  dependencies:
    "@next/env" "13.0.2"
    "@swc/helpers" "0.4.11"
    caniuse-lite "^1.0.30001406"
    postcss "8.4.14"
    styled-jsx "5.1.0"
    use-sync-external-store "1.2.0"
  optionalDependencies:
    "@next/swc-android-arm-eabi" "13.0.2"
    "@next/swc-android-arm64" "13.0.2"
    "@next/swc-darwin-arm64" "13.0.2"
    "@next/swc-darwin-x64" "13.0.2"
    "@next/swc-freebsd-x64" "13.0.2"
    "@next/swc-linux-arm-gnueabihf" "13.0.2"
    "@next/swc-linux-arm64-gnu" "13.0.2"
    "@next/swc-linux-arm64-musl" "13.0.2"
    "@next/swc-linux-x64-gnu" "13.0.2"
    "@next/swc-linux-x64-musl" "13.0.2"
    "@next/swc-win32-arm64-msvc" "13.0.2"
    "@next/swc-win32-ia32-msvc" "13.0.2"
    "@next/swc-win32-x64-msvc" "13.0.2"

normalize-path@^3.0.0, normalize-path@~3.0.0:
  version "3.0.0"
  resolved "https://registry.yarnpkg.com/normalize-path/-/normalize-path-3.0.0.tgz#0dcd69ff23a1c9b11fd0978316644a0388216a65"
  integrity sha512-6eZs5Ls3WtCisHWp9S2GUy8dqkpGi4BVSz3GaqiE6ezub0512ESztXUwUB6C6IKbQkY2Pnb/mD4WYojCRwcwLA==

object-assign@^4.1.1:
  version "4.1.1"
  resolved "https://registry.yarnpkg.com/object-assign/-/object-assign-4.1.1.tgz#2109adc7965887cfc05cbbd442cac8bfbb360863"
  integrity sha1-IQmtx5ZYh8/AXLvUQsrIv7s2CGM=

omit.js@^2.0.0, omit.js@^2.0.2:
  version "2.0.2"
  resolved "https://registry.yarnpkg.com/omit.js/-/omit.js-2.0.2.tgz#dd9b8436fab947a5f3ff214cb2538631e313ec2f"
  integrity sha512-hJmu9D+bNB40YpL9jYebQl4lsTW6yEHRTroJzNLqQJYHm7c+NQnJGfZmIWh8S3q3KoaxV1aLhV6B3+0N0/kyJg==

performance-now@^2.1.0:
  version "2.1.0"
  resolved "https://registry.yarnpkg.com/performance-now/-/performance-now-2.1.0.tgz#6309f4e0e5fa913ec1c69307ae364b4b377c9e7b"
  integrity sha1-Ywn04OX6kT7BxpMHrjZLSzd8nns=

picocolors@^1.0.0:
  version "1.0.0"
  resolved "https://registry.yarnpkg.com/picocolors/-/picocolors-1.0.0.tgz#cb5bdc74ff3f51892236eaf79d68bc44564ab81c"
  integrity sha512-1fygroTLlHu66zi26VoTDv8yRgm0Fccecssto+MhsZ0D/DGW2sm8E8AjW7NU5VVTRt5GxbeZ5qBuJr+HyLYkjQ==

picomatch@^2.0.4, picomatch@^2.2.1:
  version "2.2.2"
  resolved "https://registry.yarnpkg.com/picomatch/-/picomatch-2.2.2.tgz#21f333e9b6b8eaff02468f5146ea406d345f4dad"
  integrity sha512-q0M/9eZHzmr0AulXyPwNfZjtwZ/RBZlbN3K3CErVrk50T2ASYI7Bye0EvekFY3IP1Nt2DHu0re+V2ZHIpMkuWg==

postcss@8.4.14:
  version "8.4.14"
  resolved "https://registry.yarnpkg.com/postcss/-/postcss-8.4.14.tgz#ee9274d5622b4858c1007a74d76e42e56fd21caf"
  integrity sha512-E398TUmfAYFPBSdzgeieK2Y1+1cpdxJx8yXbK/m57nRhKSmk1GB2tO4lbLBtlkfPQTDKfe4Xqv1ASWPpayPEig==
  dependencies:
    nanoid "^3.3.4"
    picocolors "^1.0.0"
    source-map-js "^1.0.2"

prop-types@^15.6.2:
  version "15.7.2"
  resolved "https://registry.yarnpkg.com/prop-types/-/prop-types-15.7.2.tgz#52c41e75b8c87e72b9d9360e0206b99dcbffa6c5"
  integrity sha512-8QQikdH7//R2vurIJSutZ1smHYTcLpRWEOlHnzcWHmBYrOGUysKwSsrC89BCiFj3CbrfJ/nXFdJepOVrY1GCHQ==
  dependencies:
    loose-envify "^1.4.0"
    object-assign "^4.1.1"
    react-is "^16.8.1"

raf@^3.4.0, raf@^3.4.1:
  version "3.4.1"
  resolved "https://registry.yarnpkg.com/raf/-/raf-3.4.1.tgz#0742e99a4a6552f445d73e3ee0328af0ff1ede39"
  integrity sha512-Sq4CW4QhwOHE8ucn6J34MqtZCeWFP2aQSmrlroYgqAV1PjStIhJXxYuTgUIfkEk7zTLjmIjLmU5q+fbD1NnOJA==
  dependencies:
    performance-now "^2.1.0"

rc-align@^4.0.0:
  version "4.0.1"
  resolved "https://registry.yarnpkg.com/rc-align/-/rc-align-4.0.1.tgz#0566de141a82d9a1923b7672c70bdb19dcde6e23"
  integrity sha512-RQ5Fhxl0LW+zsxbY8dxAcpXdaHkHH2jzRSSpvBTS7G9LMK3T+WRcn4ovjg/eqAESM6TdTx0hfqWF2S1pO75jxQ==
  dependencies:
    "@babel/runtime" "^7.10.1"
    classnames "2.x"
    dom-align "^1.7.0"
    rc-util "^5.0.1"
    resize-observer-polyfill "^1.5.1"

rc-animate@3.x, rc-animate@^3.0.0, rc-animate@^3.1.0, rc-animate@~3.1.0:
  version "3.1.0"
  resolved "https://registry.yarnpkg.com/rc-animate/-/rc-animate-3.1.0.tgz#051b689c2c7194e4c8ae016d32a0e5f9de6c8baa"
  integrity sha512-8FsM+3B1H+0AyTyGggY6JyVldHTs1CyYT8CfTmG/nGHHXlecvSLeICJhcKgRLjUiQlctNnRtB1rwz79cvBVmrw==
  dependencies:
    "@ant-design/css-animation" "^1.7.2"
    classnames "^2.2.6"
    raf "^3.4.0"
    rc-util "^5.0.1"

rc-cascader@~1.3.0:
  version "1.3.0"
  resolved "https://registry.yarnpkg.com/rc-cascader/-/rc-cascader-1.3.0.tgz#67925c7ac4b732fe06cabb3a9c91631c96d04ccf"
  integrity sha512-wayuMo/dSZixvdpiRFZB4Q6A3omKRXQcJ3CxN02+PNiTEcRnK2KDqKUzrx7GwgMsyH5tz90lUZ91lLaEPNFv0A==
  dependencies:
    array-tree-filter "^2.1.0"
    rc-trigger "^4.0.0"
    rc-util "^5.0.1"
    warning "^4.0.1"

rc-checkbox@~2.3.0:
  version "2.3.1"
  resolved "https://registry.yarnpkg.com/rc-checkbox/-/rc-checkbox-2.3.1.tgz#2a61bc43017c783bd2e9f1a67553bf8efe7aa4d3"
  integrity sha512-i290/iTqmZ0WtI2UPIryqT9rW6O99+an4KeZIyZDH3r+Jbb6YdddaWNdzq7g5m9zaNhJvgjf//wJtC4fvve2Tg==
  dependencies:
    "@babel/runtime" "^7.10.1"
    classnames "^2.2.1"

rc-collapse@~2.0.0:
  version "2.0.0"
  resolved "https://registry.yarnpkg.com/rc-collapse/-/rc-collapse-2.0.0.tgz#08c5942f82005b4342ced02d983581e4c41cd324"
  integrity sha512-R5+Ge1uzwK9G1wZPRPhqQsed4FXTDmU0BKzsqfNBtZdk/wd+yey8ZutmJmSozYc5hQwjPkCvJHV7gOIRZKIlJg==
  dependencies:
    "@ant-design/css-animation" "^1.7.2"
    classnames "2.x"
    rc-animate "3.x"
    react-is "^16.7.0"
    shallowequal "^1.1.0"

rc-dialog@~8.1.0:
  version "8.1.0"
  resolved "https://registry.yarnpkg.com/rc-dialog/-/rc-dialog-8.1.0.tgz#393910963bb05ac19d6d136620bd09622f1d677a"
  integrity sha512-vMVAtyxpnokh/okFcDQVLO6ymIXfoTKYKtqJ/hMtf+0WcvRn4VgVDBvGyEk5zd94k0RgwEze9o2kGw8SyjivZg==
  dependencies:
    rc-animate "3.x"
    rc-util "^5.0.1"

rc-drawer@~4.1.0:
  version "4.1.0"
  resolved "https://registry.yarnpkg.com/rc-drawer/-/rc-drawer-4.1.0.tgz#d7bf0bc030300b62d282bc04e053b9acad6b08b4"
  integrity sha512-kjeQFngPjdzAFahNIV0EvEBoIKMOnvUsAxpkSPELoD/1DuR4nLafom5ryma+TIxGwkFJ92W6yjsMi1U9aiOTeQ==
  dependencies:
    "@babel/runtime" "^7.10.1"
    classnames "^2.2.6"
    rc-util "^5.0.1"

rc-dropdown@^3.1.0, rc-dropdown@~3.1.2:
  version "3.1.2"
  resolved "https://registry.yarnpkg.com/rc-dropdown/-/rc-dropdown-3.1.2.tgz#5199bd532ac8519813a347d194ab4b0cee702333"
  integrity sha512-s2W5jqvjTid5DxotGO5FlTBaQWeB+Bu7McQgjB8Ot3Wbl72AIKwLf11+lgbV4mA2vWC1H8DKyn6SW9TKLTi0xg==
  dependencies:
    "@babel/runtime" "^7.10.1"
    classnames "^2.2.6"
    rc-trigger "^4.0.0"

rc-field-form@~1.8.0:
  version "1.8.0"
  resolved "https://registry.yarnpkg.com/rc-field-form/-/rc-field-form-1.8.0.tgz#c51312321409727e5a333873311f9c1f5e13e8c2"
  integrity sha512-WQyC3yBEKIWehNzkRMTBK/Lzdjronov9GsB9C9bgVcfpDqsIQSSBgGFAJMmWUAGs2IrCbgh9RBY0Ste4foHzvg==
  dependencies:
    "@babel/runtime" "^7.8.4"
    async-validator "^3.0.3"
    rc-util "^5.0.0"

rc-input-number@~6.0.0:
  version "6.0.0"
  resolved "https://registry.yarnpkg.com/rc-input-number/-/rc-input-number-6.0.0.tgz#0c0af57c8183f3ca6b87f7edf6fed3bd5a3ba16f"
  integrity sha512-vbe+g7HvR/joknSnvLkBTi9N9I+LsV4kljfuog8WNiS7OAF3aEN0QcHSOQ4+xk6+Hx9P1tU63z2+TyEx8W/j2Q==
  dependencies:
    "@babel/runtime" "^7.10.1"
    classnames "^2.2.5"
    rc-util "^5.0.1"

rc-mentions@~1.4.0:
  version "1.4.0"
  resolved "https://registry.yarnpkg.com/rc-mentions/-/rc-mentions-1.4.0.tgz#6b7a2770ec02a5c0265d459a3385a23913efcc61"
  integrity sha512-DIcjQZNerCZ50tnDnL6P9mpNmlGc9VFrSjXh55RzkAZOTelf061T7ZbYv0bYeSdohvAwYNr4gt3/Pe79AUsjLw==
  dependencies:
    "@babel/runtime" "^7.10.1"
    classnames "^2.2.6"
    rc-menu "^8.0.1"
    rc-textarea "^0.3.0"
    rc-trigger "^4.3.0"
    rc-util "^5.0.1"

rc-menu@^8.0.1, rc-menu@^8.2.1, rc-menu@~8.5.0:
  version "8.5.1"
  resolved "https://registry.yarnpkg.com/rc-menu/-/rc-menu-8.5.1.tgz#4e94067c450a29f78116b0f3c259dec21e7b538d"
  integrity sha512-x+RH1E+vsS/bE2MfmkPy5l0OAitm+kAiUmwB/XXHOnirrFGhVcVaZq3Lle2jeGnH2Tt3FAPjGfZuW59WNwnW5A==
  dependencies:
    "@babel/runtime" "^7.10.1"
    classnames "2.x"
    mini-store "^3.0.1"
    omit.js "^2.0.0"
    rc-animate "^3.1.0"
    rc-trigger "^4.2.0"
    rc-util "^5.0.1"
    resize-observer-polyfill "^1.5.0"
    shallowequal "^1.1.0"

rc-notification@~4.4.0:
  version "4.4.0"
  resolved "https://registry.yarnpkg.com/rc-notification/-/rc-notification-4.4.0.tgz#192d082cd6e2995705f43c6929162631c71e3db1"
  integrity sha512-IDeNAFGVeOsy1tv4zNVqMAXB9tianR80ewQbtObaAQfjwAjWfONdqdyjFkEU6nc6UQhSUYA5OcTGb7kwwbnh0g==
  dependencies:
    "@babel/runtime" "^7.10.1"
    classnames "2.x"
    rc-animate "3.x"
    rc-util "^5.0.1"

rc-pagination@~2.4.1:
  version "2.4.4"
  resolved "https://registry.yarnpkg.com/rc-pagination/-/rc-pagination-2.4.4.tgz#e9546cf5ab71fff74d0026340a820b9751e611c3"
  integrity sha512-YpLZ/9xIpzmMQLdtyBHc39GbP0354EOAM32a89m9F25o4mQVchcfIly4dv1sCnEHqLcyf0y9diftnVZRBxRwKg==
  dependencies:
    "@babel/runtime" "^7.10.1"
    classnames "^2.2.1"

rc-picker@~1.15.1:
  version "1.15.1"
  resolved "https://registry.yarnpkg.com/rc-picker/-/rc-picker-1.15.1.tgz#b0d647f3827468f844bc95c9255436ea787d26ce"
  integrity sha512-YW6I91R1rMDTKpWY2yYjUk3mX4ttk7l8dx5fuojGBj86TGPj0R5vh+wFoRNzOeA4qAHcRzGWGPP60HFnoxL1TA==
  dependencies:
    "@babel/runtime" "^7.10.1"
    classnames "^2.2.1"
    date-fns "^2.15.0"
    dayjs "^1.8.30"
    moment "^2.24.0"
    rc-trigger "^4.0.0"
    rc-util "^5.0.1"
    react "^16.0.0"
    shallowequal "^1.1.0"

rc-progress@~3.0.0:
  version "3.0.0"
  resolved "https://registry.yarnpkg.com/rc-progress/-/rc-progress-3.0.0.tgz#cea324ce8fc31421cd815d94a4649a8a29f8f8db"
  integrity sha512-dQv1KU3o6Vay604FMYMF4S0x4GNXAgXf1tbQ1QoxeIeQt4d5fUeB7Ri82YPu+G+aRvH/AtxYAlEcnxyVZ1/4Hw==
  dependencies:
    classnames "^2.2.6"

rc-rate@~2.8.2:
  version "2.8.2"
  resolved "https://registry.yarnpkg.com/rc-rate/-/rc-rate-2.8.2.tgz#d82d237d74fd4aef3e0581d2700b646cdd1cd8a2"
  integrity sha512-f9T/D+ZwWQrWHkpidpQbnXpnVMGMC4eSRAkwuu88a8Qv1C/9LNc4AErazoh8tpnZBFqq19F3j0Glv+sDgkfEig==
  dependencies:
    "@babel/runtime" "^7.10.1"
    classnames "^2.2.5"
    rc-util "^5.0.1"

rc-resize-observer@^0.2.0, rc-resize-observer@^0.2.1, rc-resize-observer@^0.2.3:
  version "0.2.3"
  resolved "https://registry.yarnpkg.com/rc-resize-observer/-/rc-resize-observer-0.2.3.tgz#8268284d1766d163240b1682661ae7b59bc4523d"
  integrity sha512-dEPCGX15eRRnu+TNBIGyEghpzE24fTDW8pHdJPJS/kCR3lafFqBLqKzBgZW6pMUuM70/ZDyFQ0Kynx9kWsXRNw==
  dependencies:
    "@babel/runtime" "^7.10.1"
    classnames "^2.2.1"
    rc-util "^5.0.0"
    resize-observer-polyfill "^1.5.1"

rc-select@^11.0.4:
  version "11.1.0"
  resolved "https://registry.yarnpkg.com/rc-select/-/rc-select-11.1.0.tgz#cfc088d18fd00a151e0ac1267870e5f4256b0d2a"
  integrity sha512-+ms5ibw5mouoYkP8tE7iUh5d41yVhZWA2be1uiIvPLHHY07z1ncCPu0TxfqiX6Hflq1riXs/8e9hVOXnvIKIng==
  dependencies:
    "@babel/runtime" "^7.10.1"
    classnames "2.x"
    rc-animate "^3.0.0"
    rc-trigger "^4.3.0"
    rc-util "^5.0.1"
    rc-virtual-list "^1.1.2"
    warning "^4.0.3"

rc-select@~11.0.10:
  version "11.0.11"
  resolved "https://registry.yarnpkg.com/rc-select/-/rc-select-11.0.11.tgz#97d0d88aed3f40563b0f0eee6c7cc88dfff0a98d"
  integrity sha512-7xW5U6fyjr5j6CG3/Bl0ceUKzpNDOctJiIcK1eyLYq7Va+KFB0kNFMYULHPI41m/TJJIKDCW3N08K3rd2Z2SIA==
  dependencies:
    "@babel/runtime" "^7.10.1"
    classnames "2.x"
    rc-animate "^3.0.0"
    rc-trigger "^4.3.0"
    rc-util "^5.0.1"
    rc-virtual-list "^1.1.2"
    warning "^4.0.3"

rc-slider@~9.3.0:
  version "9.3.1"
  resolved "https://registry.yarnpkg.com/rc-slider/-/rc-slider-9.3.1.tgz#444012f3b4847d592b167a9cee6a1a46779a6ef4"
  integrity sha512-c52PWPyrfJWh28K6dixAm0906L3/4MUIxqrNQA4TLnC/Z+cBNycWJUZoJerpwSOE1HdM3XDwixCsmtFc/7aWlQ==
  dependencies:
    "@babel/runtime" "^7.10.1"
    classnames "^2.2.5"
    rc-tooltip "^4.0.0"
    rc-util "^5.0.0"
    shallowequal "^1.1.0"

rc-steps@~4.1.0:
  version "4.1.2"
  resolved "https://registry.yarnpkg.com/rc-steps/-/rc-steps-4.1.2.tgz#370f4c6b40d3888f03b271f1628953c66eb91c04"
  integrity sha512-kTPiojPtJi12Y7whRqlydRgJXQ1u9JlvGchI6xDrmOMZVpCTLpfc/18iu+aHCtCZaSnM2ENU/9lfm/naWVFcRw==
  dependencies:
    "@babel/runtime" "^7.10.2"
    classnames "^2.2.3"
    rc-util "^5.0.1"

rc-switch@~3.2.0:
  version "3.2.0"
  resolved "https://registry.yarnpkg.com/rc-switch/-/rc-switch-3.2.0.tgz#aa36bb417409ff4cc7d542ec4381cb5d87cfedc1"
  integrity sha512-WQZnRrWZ+KGh4Cd98FpP1ZgvMmebctoHzKAO2n1Xsry1FQBSGgIw4rQJRxET31VS/dR1LIKb5md/k0UzcXXc0g==
  dependencies:
    "@babel/runtime" "^7.10.1"
    classnames "^2.2.1"
    rc-util "^5.0.1"

rc-table@~7.8.0:
  version "7.8.6"
  resolved "https://registry.yarnpkg.com/rc-table/-/rc-table-7.8.6.tgz#897fb1671c62eb3a46033b53f0690fa0fd65dc61"
  integrity sha512-rHRStVTO6FYlxs5Bk9S56Vo/Jn7pX3hOtHTHP+Vu++i9SF7DroOReMIi+OJ7RA9n3jVBxyT/9+NESXgTFvPbYA==
  dependencies:
    "@babel/runtime" "^7.10.1"
    classnames "^2.2.5"
    raf "^3.4.1"
    rc-resize-observer "^0.2.0"
    rc-util "^5.0.0"
    shallowequal "^1.1.0"

rc-tabs@~11.5.0:
  version "11.5.6"
  resolved "https://registry.yarnpkg.com/rc-tabs/-/rc-tabs-11.5.6.tgz#bcff03f8c8dcc08b57ca97c0debe5d9fa3373957"
  integrity sha512-Q2wqnt66SFksGXxNARLqGNMYIFH3KSm48+hMc4tq6qhgpsW104dedHcM86NUyqsQcvYWWiceUNu3TSnbe+XZnw==
  dependencies:
    "@babel/runtime" "^7.10.1"
    classnames "2.x"
    raf "^3.4.1"
    rc-dropdown "^3.1.0"
    rc-menu "^8.2.1"
    rc-resize-observer "^0.2.1"
    rc-trigger "^4.2.1"
    rc-util "^5.0.0"

rc-textarea@^0.3.0, rc-textarea@~0.3.0:
  version "0.3.0"
  resolved "https://registry.yarnpkg.com/rc-textarea/-/rc-textarea-0.3.0.tgz#9860ef797e00717d8227d1ef4ee7895dd9358ddf"
  integrity sha512-vrTPkPT6wrO7EI8ouLFZZLXA1pFVrVRCnkmyyf0yRComFbcH1ogmFEGu85CjVT96rQqAiQFOe0QV3nKopZOJow==
  dependencies:
    "@babel/runtime" "^7.10.1"
    classnames "^2.2.1"
    omit.js "^2.0.0"
    rc-resize-observer "^0.2.3"

rc-tooltip@^4.0.0, rc-tooltip@~4.2.0:
  version "4.2.1"
  resolved "https://registry.yarnpkg.com/rc-tooltip/-/rc-tooltip-4.2.1.tgz#c1a2d5017ee03a771a9301c0dfdb46dfdf8fef94"
  integrity sha512-oykuaGsHg7RFvPUaxUpxo7ScEqtH61C66x4JUmjlFlSS8gSx2L8JFtfwM1D68SLBxUqGqJObtxj4TED75gQTiA==
  dependencies:
    rc-trigger "^4.2.1"

rc-tree-select@~4.1.0:
  version "4.1.0"
  resolved "https://registry.yarnpkg.com/rc-tree-select/-/rc-tree-select-4.1.0.tgz#eb27f4bd8c36c0f89653f82410fa423f67597b4f"
  integrity sha512-nChGXqJ81Lotgam1W1vUzORQZgL1s9B6D7p661edfar2FYmoAOCqXLg+AZrN1t6+HlCORL0AkVnSalSiZIJIjg==
  dependencies:
    "@babel/runtime" "^7.10.1"
    classnames "2.x"
    rc-select "^11.0.4"
    rc-tree "^3.8.0"
    rc-util "^5.0.5"

rc-tree@^3.8.0, rc-tree@~3.8.0:
  version "3.8.4"
  resolved "https://registry.yarnpkg.com/rc-tree/-/rc-tree-3.8.4.tgz#cc3895353cd5b50be088a40f4e1a97d3b48169b8"
  integrity sha512-zEwC+fck9mXF2eMNaEGWhiMJSroJwcxRw9d64GHf5NR7AbzsUhqrkYiAD3VQkZ8utpV7zezwByE85ATE+KdaXw==
  dependencies:
    "@babel/runtime" "^7.10.1"
    classnames "2.x"
    rc-animate "^3.1.0"
    rc-util "^5.0.0"
    rc-virtual-list "^1.1.0"

rc-trigger@^4.0.0, rc-trigger@^4.2.0, rc-trigger@^4.2.1, rc-trigger@^4.3.0, rc-trigger@~4.3.0:
  version "4.3.4"
  resolved "https://registry.yarnpkg.com/rc-trigger/-/rc-trigger-4.3.4.tgz#095cf7dddf2643a65621df4b1612d167af506c31"
  integrity sha512-GaRqwJ99RA9qpN3crTndOIfQZG+dgs+l2i4bgB7tl1MBTaNbmJyopi+gyoaHwg2/C6mpvQ2XNrzADEyYEkxqlA==
  dependencies:
    "@babel/runtime" "^7.10.1"
    classnames "^2.2.6"
    raf "^3.4.1"
    rc-align "^4.0.0"
    rc-animate "^3.0.0"
    rc-util "^5.0.1"

rc-upload@~3.2.0:
  version "3.2.0"
  resolved "https://registry.yarnpkg.com/rc-upload/-/rc-upload-3.2.0.tgz#251fc3c9105902e808600a414f368f285d63bfba"
  integrity sha512-/vyOGVxl5QVM3ZE7s+GqYPbCLC/Q/vJq0sjdwnvJw01KvAR5kVOC4jbHEaU56dMss7PFGDfNzc8zO5bWYLDzVQ==
  dependencies:
    classnames "^2.2.5"

rc-util@^5.0.0, rc-util@^5.0.1, rc-util@^5.0.5:
  version "5.0.6"
  resolved "https://registry.yarnpkg.com/rc-util/-/rc-util-5.0.6.tgz#2b828bc87a818a66384b813f76a561ad4609e9b0"
  integrity sha512-uLGxF9WjbpJSjd6iDnIjl8ZeMUglpcuh1DwO26aaXh++yAmlB6eIAJMUwwJCuqJvo4quCvsDPg1VkqHILc4U0A==
  dependencies:
    react-is "^16.12.0"
    shallowequal "^1.1.0"

rc-virtual-list@^1.1.0, rc-virtual-list@^1.1.2:
  version "1.1.6"
  resolved "https://registry.yarnpkg.com/rc-virtual-list/-/rc-virtual-list-1.1.6.tgz#b255baf9aacde149a8893324e6307214094f4c0a"
  integrity sha512-u3+izqWL8p8bQy8nYH48qWpiGyxR/ye8D2k0zJlXmfYeL55/xh83YrzHqiDzO78uj0Ewag3nXDA0JTVrYO7ygQ==
  dependencies:
    classnames "^2.2.6"
    raf "^3.4.1"
    rc-util "^5.0.0"

react-dom@16.13.1:
  version "16.13.1"
  resolved "https://registry.yarnpkg.com/react-dom/-/react-dom-16.13.1.tgz#c1bd37331a0486c078ee54c4740720993b2e0e7f"
  integrity sha512-81PIMmVLnCNLO/fFOQxdQkvEq/+Hfpv24XNJfpyZhTRfO0QcmQIF/PgCa1zCOj2w1hrn12MFLyaJ/G0+Mxtfag==
  dependencies:
    loose-envify "^1.1.0"
    object-assign "^4.1.1"
    prop-types "^15.6.2"
    scheduler "^0.19.1"

react-is@^16.12.0, react-is@^16.7.0, react-is@^16.8.1:
  version "16.13.1"
  resolved "https://registry.yarnpkg.com/react-is/-/react-is-16.13.1.tgz#789729a4dc36de2999dc156dd6c1d9c18cea56a4"
  integrity sha512-24e6ynE2H+OKt4kqsOvNd8kBpV65zoxbA4BVsEOB3ARVWQki/DHzaUoC5KuON/BiccDaCCTZBuOcfZs70kR8bQ==

react@16.13.1, react@^16.0.0:
  version "16.13.1"
  resolved "https://registry.yarnpkg.com/react/-/react-16.13.1.tgz#2e818822f1a9743122c063d6410d85c1e3afe48e"
  integrity sha512-YMZQQq32xHLX0bz5Mnibv1/LHb3Sqzngu7xstSM+vrkE5Kzr9xE0yMByK5kMoTK30YVJE61WfbxIFFvfeDKT1w==
  dependencies:
    loose-envify "^1.1.0"
    object-assign "^4.1.1"
    prop-types "^15.6.2"

readdirp@~3.4.0:
  version "3.4.0"
  resolved "https://registry.yarnpkg.com/readdirp/-/readdirp-3.4.0.tgz#9fdccdf9e9155805449221ac645e8303ab5b9ada"
  integrity sha512-0xe001vZBnJEK+uKcj8qOhyAKPzIT+gStxWr3LCB0DwcXR5NZJ3IaC+yGnHCYzB/S7ov3m3EEbZI2zeNvX+hGQ==
  dependencies:
    picomatch "^2.2.1"

regenerator-runtime@^0.13.4:
  version "0.13.7"
  resolved "https://registry.yarnpkg.com/regenerator-runtime/-/regenerator-runtime-0.13.7.tgz#cac2dacc8a1ea675feaabaeb8ae833898ae46f55"
  integrity sha512-a54FxoJDIr27pgf7IgeQGxmqUNYrcV338lf/6gH456HZ/PhX+5BcwHXG9ajESmwe6WRO0tAzRUrRmNONWgkrew==

resize-observer-polyfill@^1.5.0, resize-observer-polyfill@^1.5.1:
  version "1.5.1"
  resolved "https://registry.yarnpkg.com/resize-observer-polyfill/-/resize-observer-polyfill-1.5.1.tgz#0e9020dd3d21024458d4ebd27e23e40269810464"
  integrity sha512-LwZrotdHOo12nQuZlHEmtuXdqGoOD0OhaxopaNFxWzInpEgaLWoVuAMbTzixuosCx2nEG58ngzW3vxdWoxIgdg==

sass@^1.26.10:
  version "1.26.10"
  resolved "https://registry.yarnpkg.com/sass/-/sass-1.26.10.tgz#851d126021cdc93decbf201d1eca2a20ee434760"
  integrity sha512-bzN0uvmzfsTvjz0qwccN1sPm2HxxpNI/Xa+7PlUEMS+nQvbyuEK7Y0qFqxlPHhiNHb1Ze8WQJtU31olMObkAMw==
  dependencies:
    chokidar ">=2.0.0 <4.0.0"

scheduler@^0.19.1:
  version "0.19.1"
  resolved "https://registry.yarnpkg.com/scheduler/-/scheduler-0.19.1.tgz#4f3e2ed2c1a7d65681f4c854fa8c5a1ccb40f196"
  integrity sha512-n/zwRWRYSUj0/3g/otKDRPMh6qv2SYMWNq85IEa8iZyAv8od9zDYpGSnpBEjNgcMNq6Scbu5KfIPxNF72R/2EA==
  dependencies:
    loose-envify "^1.1.0"
    object-assign "^4.1.1"

scroll-into-view-if-needed@^2.2.25:
  version "2.2.25"
  resolved "https://registry.yarnpkg.com/scroll-into-view-if-needed/-/scroll-into-view-if-needed-2.2.25.tgz#117b7bc7c61bc7a2b7872a0984bc73a19bc6e961"
  integrity sha512-C8RKJPq9lK7eubwGpLbUkw3lklcG3Ndjmea2PyauzrA0i4DPlzAmVMGxaZrBFqCrVLfvJmP80IyHnv4jxvg1OQ==
  dependencies:
    compute-scroll-into-view "^1.0.14"

shallowequal@^1.0.2, shallowequal@^1.1.0:
  version "1.1.0"
  resolved "https://registry.yarnpkg.com/shallowequal/-/shallowequal-1.1.0.tgz#188d521de95b9087404fd4dcb68b13df0ae4e7f8"
  integrity sha512-y0m1JoUZSlPAjXVtPPW70aZWfIL/dSP7AFkRnniLCrK/8MDKog3TySTBmckD+RObVxH0v4Tox67+F14PdED2oQ==

source-map-js@^1.0.2:
  version "1.0.2"
  resolved "https://registry.yarnpkg.com/source-map-js/-/source-map-js-1.0.2.tgz#adbc361d9c62df380125e7f161f71c826f1e490c"
  integrity sha512-R0XvVJ9WusLiqTCEiGCmICCMplcCkIwwR11mOSD9CR5u+IXYdiseeEuXCVAjS54zqwkLcPNnmU4OeJ6tUrWhDw==

string-convert@^0.2.0:
  version "0.2.1"
  resolved "https://registry.yarnpkg.com/string-convert/-/string-convert-0.2.1.tgz#6982cc3049fbb4cd85f8b24568b9d9bf39eeff97"
  integrity sha1-aYLMMEn7tM2F+LJFaLnZvznu/5c=

styled-jsx@5.1.0:
  version "5.1.0"
  resolved "https://registry.yarnpkg.com/styled-jsx/-/styled-jsx-5.1.0.tgz#4a5622ab9714bd3fcfaeec292aa555871f057563"
  integrity sha512-/iHaRJt9U7T+5tp6TRelLnqBqiaIT0HsO0+vgyj8hK2KUk7aejFqRrumqPUlAqDwAj8IbS/1hk3IhBAAK/FCUQ==
  dependencies:
    client-only "0.0.1"

tinycolor2@^1.4.1:
  version "1.4.1"
  resolved "https://registry.yarnpkg.com/tinycolor2/-/tinycolor2-1.4.1.tgz#f4fad333447bc0b07d4dc8e9209d8f39a8ac77e8"
  integrity sha1-9PrTM0R7wLB9TcjpIJ2POaisd+g=

to-regex-range@^5.0.1:
  version "5.0.1"
  resolved "https://registry.yarnpkg.com/to-regex-range/-/to-regex-range-5.0.1.tgz#1648c44aae7c8d988a326018ed72f5b4dd0392e4"
  integrity sha512-65P7iz6X5yEr1cwcgvQxbbIw7Uk3gOy5dIdtZ4rDveLqhrdJP+Li/Hx6tyK0NEb+2GCyneCMJiGqrADCSNk8sQ==
  dependencies:
    is-number "^7.0.0"

toggle-selection@^1.0.6:
  version "1.0.6"
  resolved "https://registry.yarnpkg.com/toggle-selection/-/toggle-selection-1.0.6.tgz#6e45b1263f2017fa0acc7d89d78b15b8bf77da32"
  integrity sha1-bkWxJj8gF/oKzH2J14sVuL932jI=

tslib@^2.4.0:
  version "2.4.1"
  resolved "https://registry.yarnpkg.com/tslib/-/tslib-2.4.1.tgz#0d0bfbaac2880b91e22df0768e55be9753a5b17e"
  integrity sha512-tGyy4dAjRIEwI7BzsB0lynWgOpfqjUdq91XXAlIWD2OwKBH7oCl/GZG/HT4BOHrTlPMOASlMQ7veyTqpmRcrNA==

use-sync-external-store@1.2.0:
  version "1.2.0"
  resolved "https://registry.yarnpkg.com/use-sync-external-store/-/use-sync-external-store-1.2.0.tgz#7dbefd6ef3fe4e767a0cf5d7287aacfb5846928a"
  integrity sha512-eEgnFxGQ1Ife9bzYs6VLi8/4X6CObHMw9Qr9tPY43iKwsPw8xE8+EFsf/2cFZ5S3esXgpWgtSCtLNS41F+sKPA==

warning@^4.0.1, warning@^4.0.3:
  version "4.0.3"
  resolved "https://registry.yarnpkg.com/warning/-/warning-4.0.3.tgz#16e9e077eb8a86d6af7d64aa1e05fd85b4678ca3"
  integrity sha512-rpJyN222KWIvHJ/F53XSZv0Zl/accqHR8et1kpaMTD/fLCRxtV8iX8czMzY7sVZupTI3zcUTg8eycS2kNF9l6w==
  dependencies:
    loose-envify "^1.0.0"
